
Microsoft Visual Studio Solution File, Format Version 12.00
# Visual Studio Version 17
VisualStudioVersion = 17.9.34701.34
MinimumVisualStudioVersion = 10.0.40219.1
Project("{54A90642-561A-4BB1-A94E-469ADEE60C69}") = "Stem", "Stem\Stem.esproj", "{455142FB-9D7F-4784-80D6-3FCC1AE0490A}"
EndProject
Global
	GlobalSection(SolutionConfigurationPlatforms) = preSolution
		Debug|Any CPU = Debug|Any CPU
		Release|Any CPU = Release|Any CPU
	EndGlobalSection
	GlobalSection(ProjectConfigurationPlatforms) = postSolution
		{455142FB-9D7F-4784-80D6-3FCC1AE0490A}.Debug|Any CPU.ActiveCfg = Debug|Any CPU
		{455142FB-9D7F-4784-80D6-3FCC1AE0490A}.Debug|Any CPU.Build.0 = Debug|Any CPU
		{455142FB-9D7F-4784-80D6-3FCC1AE0490A}.Debug|Any CPU.Deploy.0 = Debug|Any CPU
		{455142FB-9D7F-4784-80D6-3FCC1AE0490A}.Release|Any CPU.ActiveCfg = Release|Any CPU
		{455142FB-9D7F-4784-80D6-3FCC1AE0490A}.Release|Any CPU.Build.0 = Release|Any CPU
		{455142FB-9D7F-4784-80D6-3FCC1AE0490A}.Release|Any CPU.Deploy.0 = Release|Any CPU
	EndGlobalSection
	GlobalSection(SolutionProperties) = preSolution
		HideSolutionNode = FALSE
	EndGlobalSection
	GlobalSection(ExtensibilityGlobals) = postSolution
		SolutionGuid = {F58F3257-28EB-43CE-9D02-835D711535EF}
	EndGlobalSection
EndGlobal
